// !$*UTF8*$!
{
	archiveVersion = 1;
	classes = {
	};
	objectVersion = 56;
	objects = {

/* Begin PBXBuildFile section */
		40951F092CBED7E700E8DCBD /* Login.swift in Sources */ = {isa = PBXBuildFile; fileRef = 40951F082CBED7E600E8DCBD /* Login.swift */; };
		40951F1E2CBEF21400E8DCBD /* Extensions.swift in Sources */ = {isa = PBXBuildFile; fileRef = 40951F1A2CBEF21400E8DCBD /* Extensions.swift */; };
		40951F242CBEF21400E8DCBD /* SafeAreaInsetsKey.swift in Sources */ = {isa = PBXBuildFile; fileRef = 40951F1B2CBEF21400E8DCBD /* SafeAreaInsetsKey.swift */; };
		40951F252CBEF21400E8DCBD /* Country.swift in Sources */ = {isa = PBXBuildFile; fileRef = 40951F1C2CBEF21400E8DCBD /* Country.swift */; };
		40951F292CBEF21400E8DCBD /* BaseLayout.swift in Sources */ = {isa = PBXBuildFile; fileRef = 40951F0E2CBEF21400E8DCBD /* BaseLayout.swift */; };
		40951F2D2CBEFF7200E8DCBD /* CustomHeaderView.swift in Sources */ = {isa = PBXBuildFile; fileRef = 40951F2C2CBEFF7200E8DCBD /* CustomHeaderView.swift */; };
		40951F2F2CBF063200E8DCBD /* TextInput.swift in Sources */ = {isa = PBXBuildFile; fileRef = 40951F2E2CBF063200E8DCBD /* TextInput.swift */; };
		40951F312CBF07A500E8DCBD /* PasswordInput.swift in Sources */ = {isa = PBXBuildFile; fileRef = 40951F302CBF07A500E8DCBD /* PasswordInput.swift */; };
		40951F332CBF09CE00E8DCBD /* CustomButton.swift in Sources */ = {isa = PBXBuildFile; fileRef = 40951F322CBF09CE00E8DCBD /* CustomButton.swift */; };
		40951F352CBF142700E8DCBD /* ForgotPassword.swift in Sources */ = {isa = PBXBuildFile; fileRef = 40951F342CBF142700E8DCBD /* ForgotPassword.swift */; };
		40951F372CBF14CA00E8DCBD /* TopHeader.swift in Sources */ = {isa = PBXBuildFile; fileRef = 40951F362CBF14CA00E8DCBD /* TopHeader.swift */; };
		40951F392CBF14EF00E8DCBD /* Signup.swift in Sources */ = {isa = PBXBuildFile; fileRef = 40951F382CBF14EF00E8DCBD /* Signup.swift */; };
		40951F3B2CBF178500E8DCBD /* GenderSelectorView.swift in Sources */ = {isa = PBXBuildFile; fileRef = 40951F3A2CBF178500E8DCBD /* GenderSelectorView.swift */; };
		40951F3D2CBF1DA600E8DCBD /* Location.swift in Sources */ = {isa = PBXBuildFile; fileRef = 40951F3C2CBF1DA600E8DCBD /* Location.swift */; };
		40951F3F2CBF1DE200E8DCBD /* DropdownView.swift in Sources */ = {isa = PBXBuildFile; fileRef = 40951F3E2CBF1DE200E8DCBD /* DropdownView.swift */; };
		40951F412CBF207900E8DCBD /* OTPVerify.swift in Sources */ = {isa = PBXBuildFile; fileRef = 40951F402CBF207900E8DCBD /* OTPVerify.swift */; };
		40951F432CBF20C000E8DCBD /* OTPInputView.swift in Sources */ = {isa = PBXBuildFile; fileRef = 40951F422CBF20C000E8DCBD /* OTPInputView.swift */; };
		40A31FB82C91B193002504A7 /* LibraryAppApp.swift in Sources */ = {isa = PBXBuildFile; fileRef = 40A31FB72C91B193002504A7 /* LibraryAppApp.swift */; };
		40A31FBA2C91B193002504A7 /* ContentView.swift in Sources */ = {isa = PBXBuildFile; fileRef = 40A31FB92C91B193002504A7 /* ContentView.swift */; };
		40A31FBC2C91B194002504A7 /* Assets.xcassets in Resources */ = {isa = PBXBuildFile; fileRef = 40A31FBB2C91B194002504A7 /* Assets.xcassets */; };
		40A31FBF2C91B194002504A7 /* Preview Assets.xcassets in Resources */ = {isa = PBXBuildFile; fileRef = 40A31FBE2C91B194002504A7 /* Preview Assets.xcassets */; };
		40A31FC92C91B194002504A7 /* LibraryAppTests.swift in Sources */ = {isa = PBXBuildFile; fileRef = 40A31FC82C91B194002504A7 /* LibraryAppTests.swift */; };
		40A31FD32C91B194002504A7 /* LibraryAppUITests.swift in Sources */ = {isa = PBXBuildFile; fileRef = 40A31FD22C91B194002504A7 /* LibraryAppUITests.swift */; };
		40A31FD52C91B194002504A7 /* LibraryAppUITestsLaunchTests.swift in Sources */ = {isa = PBXBuildFile; fileRef = 40A31FD42C91B194002504A7 /* LibraryAppUITestsLaunchTests.swift */; };
		40A3201B2C91BCB0002504A7 /* Input.swift in Sources */ = {isa = PBXBuildFile; fileRef = 40A3201A2C91BCB0002504A7 /* Input.swift */; };
/* End PBXBuildFile section */

/* Begin PBXContainerItemProxy section */
		40A31FC52C91B194002504A7 /* PBXContainerItemProxy */ = {
			isa = PBXContainerItemProxy;
			containerPortal = 40A31FAC2C91B193002504A7 /* Project object */;
			proxyType = 1;
			remoteGlobalIDString = 40A31FB32C91B193002504A7;
			remoteInfo = LibraryApp;
		};
		40A31FCF2C91B194002504A7 /* PBXContainerItemProxy */ = {
			isa = PBXContainerItemProxy;
			containerPortal = 40A31FAC2C91B193002504A7 /* Project object */;
			proxyType = 1;
			remoteGlobalIDString = 40A31FB32C91B193002504A7;
			remoteInfo = LibraryApp;
		};
/* End PBXContainerItemProxy section */

/* Begin PBXFileReference section */
		40951F082CBED7E600E8DCBD /* Login.swift */ = {isa = PBXFileReference; lastKnownFileType = sourcecode.swift; path = Login.swift; sourceTree = "<group>"; };
		40951F0E2CBEF21400E8DCBD /* BaseLayout.swift */ = {isa = PBXFileReference; lastKnownFileType = sourcecode.swift; path = BaseLayout.swift; sourceTree = "<group>"; };
		40951F1A2CBEF21400E8DCBD /* Extensions.swift */ = {isa = PBXFileReference; lastKnownFileType = sourcecode.swift; path = Extensions.swift; sourceTree = "<group>"; };
		40951F1B2CBEF21400E8DCBD /* SafeAreaInsetsKey.swift */ = {isa = PBXFileReference; lastKnownFileType = sourcecode.swift; path = SafeAreaInsetsKey.swift; sourceTree = "<group>"; };
		40951F1C2CBEF21400E8DCBD /* Country.swift */ = {isa = PBXFileReference; lastKnownFileType = sourcecode.swift; path = Country.swift; sourceTree = "<group>"; };
		40951F2C2CBEFF7200E8DCBD /* CustomHeaderView.swift */ = {isa = PBXFileReference; lastKnownFileType = sourcecode.swift; path = CustomHeaderView.swift; sourceTree = "<group>"; };
		40951F2E2CBF063200E8DCBD /* TextInput.swift */ = {isa = PBXFileReference; lastKnownFileType = sourcecode.swift; path = TextInput.swift; sourceTree = "<group>"; };
		40951F302CBF07A500E8DCBD /* PasswordInput.swift */ = {isa = PBXFileReference; lastKnownFileType = sourcecode.swift; path = PasswordInput.swift; sourceTree = "<group>"; };
		40951F322CBF09CE00E8DCBD /* CustomButton.swift */ = {isa = PBXFileReference; lastKnownFileType = sourcecode.swift; path = CustomButton.swift; sourceTree = "<group>"; };
		40951F342CBF142700E8DCBD /* ForgotPassword.swift */ = {isa = PBXFileReference; lastKnownFileType = sourcecode.swift; path = ForgotPassword.swift; sourceTree = "<group>"; };
		40951F362CBF14CA00E8DCBD /* TopHeader.swift */ = {isa = PBXFileReference; lastKnownFileType = sourcecode.swift; path = TopHeader.swift; sourceTree = "<group>"; };
		40951F382CBF14EF00E8DCBD /* Signup.swift */ = {isa = PBXFileReference; lastKnownFileType = sourcecode.swift; path = Signup.swift; sourceTree = "<group>"; };
		40951F3A2CBF178500E8DCBD /* GenderSelectorView.swift */ = {isa = PBXFileReference; lastKnownFileType = sourcecode.swift; path = GenderSelectorView.swift; sourceTree = "<group>"; };
		40951F3C2CBF1DA600E8DCBD /* Location.swift */ = {isa = PBXFileReference; lastKnownFileType = sourcecode.swift; path = Location.swift; sourceTree = "<group>"; };
		40951F3E2CBF1DE200E8DCBD /* DropdownView.swift */ = {isa = PBXFileReference; lastKnownFileType = sourcecode.swift; path = DropdownView.swift; sourceTree = "<group>"; };
		40951F402CBF207900E8DCBD /* OTPVerify.swift */ = {isa = PBXFileReference; lastKnownFileType = sourcecode.swift; path = OTPVerify.swift; sourceTree = "<group>"; };
		40951F422CBF20C000E8DCBD /* OTPInputView.swift */ = {isa = PBXFileReference; lastKnownFileType = sourcecode.swift; path = OTPInputView.swift; sourceTree = "<group>"; };
		40A31FB42C91B193002504A7 /* LibraryApp.app */ = {isa = PBXFileReference; explicitFileType = wrapper.application; includeInIndex = 0; path = LibraryApp.app; sourceTree = BUILT_PRODUCTS_DIR; };
		40A31FB72C91B193002504A7 /* LibraryAppApp.swift */ = {isa = PBXFileReference; lastKnownFileType = sourcecode.swift; path = LibraryAppApp.swift; sourceTree = "<group>"; };
		40A31FB92C91B193002504A7 /* ContentView.swift */ = {isa = PBXFileReference; lastKnownFileType = sourcecode.swift; path = ContentView.swift; sourceTree = "<group>"; };
		40A31FBB2C91B194002504A7 /* Assets.xcassets */ = {isa = PBXFileReference; lastKnownFileType = folder.assetcatalog; path = Assets.xcassets; sourceTree = "<group>"; };
		40A31FBE2C91B194002504A7 /* Preview Assets.xcassets */ = {isa = PBXFileReference; lastKnownFileType = folder.assetcatalog; path = "Preview Assets.xcassets"; sourceTree = "<group>"; };
		40A31FC42C91B194002504A7 /* LibraryAppTests.xctest */ = {isa = PBXFileReference; explicitFileType = wrapper.cfbundle; includeInIndex = 0; path = LibraryAppTests.xctest; sourceTree = BUILT_PRODUCTS_DIR; };
		40A31FC82C91B194002504A7 /* LibraryAppTests.swift */ = {isa = PBXFileReference; lastKnownFileType = sourcecode.swift; path = LibraryAppTests.swift; sourceTree = "<group>"; };
		40A31FCE2C91B194002504A7 /* LibraryAppUITests.xctest */ = {isa = PBXFileReference; explicitFileType = wrapper.cfbundle; includeInIndex = 0; path = LibraryAppUITests.xctest; sourceTree = BUILT_PRODUCTS_DIR; };
		40A31FD22C91B194002504A7 /* LibraryAppUITests.swift */ = {isa = PBXFileReference; lastKnownFileType = sourcecode.swift; path = LibraryAppUITests.swift; sourceTree = "<group>"; };
		40A31FD42C91B194002504A7 /* LibraryAppUITestsLaunchTests.swift */ = {isa = PBXFileReference; lastKnownFileType = sourcecode.swift; path = LibraryAppUITestsLaunchTests.swift; sourceTree = "<group>"; };
		40A3201A2C91BCB0002504A7 /* Input.swift */ = {isa = PBXFileReference; lastKnownFileType = sourcecode.swift; path = Input.swift; sourceTree = "<group>"; usesTabs = 0; };
/* End PBXFileReference section */

/* Begin PBXFrameworksBuildPhase section */
		40A31FB12C91B193002504A7 /* Frameworks */ = {
			isa = PBXFrameworksBuildPhase;
			buildActionMask = 2147483647;
			files = (
			);
			runOnlyForDeploymentPostprocessing = 0;
		};
		40A31FC12C91B194002504A7 /* Frameworks */ = {
			isa = PBXFrameworksBuildPhase;
			buildActionMask = 2147483647;
			files = (
			);
			runOnlyForDeploymentPostprocessing = 0;
		};
		40A31FCB2C91B194002504A7 /* Frameworks */ = {
			isa = PBXFrameworksBuildPhase;
			buildActionMask = 2147483647;
			files = (
			);
			runOnlyForDeploymentPostprocessing = 0;
		};
/* End PBXFrameworksBuildPhase section */

/* Begin PBXGroup section */
		40951F0F2CBEF21400E8DCBD /* Layout */ = {
			isa = PBXGroup;
			children = (
				40951F0E2CBEF21400E8DCBD /* BaseLayout.swift */,
			);
			path = Layout;
			sourceTree = "<group>";
		};
		40951F1D2CBEF21400E8DCBD /* Helpers */ = {
			isa = PBXGroup;
			children = (
				40951F1A2CBEF21400E8DCBD /* Extensions.swift */,
				40951F1B2CBEF21400E8DCBD /* SafeAreaInsetsKey.swift */,
				40951F1C2CBEF21400E8DCBD /* Country.swift */,
			);
			path = Helpers;
			sourceTree = "<group>";
		};
		40951F2B2CBEFF6A00E8DCBD /* Components */ = {
			isa = PBXGroup;
			children = (
				40951F422CBF20C000E8DCBD /* OTPInputView.swift */,
				40951F3E2CBF1DE200E8DCBD /* DropdownView.swift */,
				40951F3A2CBF178500E8DCBD /* GenderSelectorView.swift */,
				40951F2C2CBEFF7200E8DCBD /* CustomHeaderView.swift */,
				40951F2E2CBF063200E8DCBD /* TextInput.swift */,
				40951F302CBF07A500E8DCBD /* PasswordInput.swift */,
				40951F322CBF09CE00E8DCBD /* CustomButton.swift */,
				40951F362CBF14CA00E8DCBD /* TopHeader.swift */,
			);
			path = Components;
			sourceTree = "<group>";
		};
		40A31FAB2C91B193002504A7 = {
			isa = PBXGroup;
			children = (
				40A31FB62C91B193002504A7 /* LibraryApp */,
				40A31FC72C91B194002504A7 /* LibraryAppTests */,
				40A31FD12C91B194002504A7 /* LibraryAppUITests */,
				40A31FB52C91B193002504A7 /* Products */,
			);
			sourceTree = "<group>";
		};
		40A31FB52C91B193002504A7 /* Products */ = {
			isa = PBXGroup;
			children = (
				40A31FB42C91B193002504A7 /* LibraryApp.app */,
				40A31FC42C91B194002504A7 /* LibraryAppTests.xctest */,
				40A31FCE2C91B194002504A7 /* LibraryAppUITests.xctest */,
			);
			name = Products;
			sourceTree = "<group>";
		};
		40A31FB62C91B193002504A7 /* LibraryApp */ = {
			isa = PBXGroup;
			children = (
				40951F2B2CBEFF6A00E8DCBD /* Components */,
				40951F0F2CBEF21400E8DCBD /* Layout */,
				40951F1D2CBEF21400E8DCBD /* Helpers */,
				40A31FB72C91B193002504A7 /* LibraryAppApp.swift */,
				40A31FB92C91B193002504A7 /* ContentView.swift */,
				40A3201A2C91BCB0002504A7 /* Input.swift */,
				40A31FBB2C91B194002504A7 /* Assets.xcassets */,
				40A31FBD2C91B194002504A7 /* Preview Content */,
				40951F082CBED7E600E8DCBD /* Login.swift */,
				40951F382CBF14EF00E8DCBD /* Signup.swift */,
				40951F3C2CBF1DA600E8DCBD /* Location.swift */,
				40951F402CBF207900E8DCBD /* OTPVerify.swift */,
				40951F342CBF142700E8DCBD /* ForgotPassword.swift */,
			);
			path = LibraryApp;
			sourceTree = "<group>";
		};
		40A31FBD2C91B194002504A7 /* Preview Content */ = {
			isa = PBXGroup;
			children = (
				40A31FBE2C91B194002504A7 /* Preview Assets.xcassets */,
			);
			path = "Preview Content";
			sourceTree = "<group>";
		};
		40A31FC72C91B194002504A7 /* LibraryAppTests */ = {
			isa = PBXGroup;
			children = (
				40A31FC82C91B194002504A7 /* LibraryAppTests.swift */,
			);
			path = LibraryAppTests;
			sourceTree = "<group>";
		};
		40A31FD12C91B194002504A7 /* LibraryAppUITests */ = {
			isa = PBXGroup;
			children = (
				40A31FD22C91B194002504A7 /* LibraryAppUITests.swift */,
				40A31FD42C91B194002504A7 /* LibraryAppUITestsLaunchTests.swift */,
			);
			path = LibraryAppUITests;
			sourceTree = "<group>";
		};
/* End PBXGroup section */

/* Begin PBXNativeTarget section */
		40A31FB32C91B193002504A7 /* LibraryApp */ = {
			isa = PBXNativeTarget;
			buildConfigurationList = 40A31FD82C91B194002504A7 /* Build configuration list for PBXNativeTarget "LibraryApp" */;
			buildPhases = (
				40A31FB02C91B193002504A7 /* Sources */,
				40A31FB12C91B193002504A7 /* Frameworks */,
				40A31FB22C91B193002504A7 /* Resources */,
			);
			buildRules = (
			);
			dependencies = (
			);
			name = LibraryApp;
			productName = LibraryApp;
			productReference = 40A31FB42C91B193002504A7 /* LibraryApp.app */;
			productType = "com.apple.product-type.application";
		};
		40A31FC32C91B194002504A7 /* LibraryAppTests */ = {
			isa = PBXNativeTarget;
			buildConfigurationList = 40A31FDB2C91B194002504A7 /* Build configuration list for PBXNativeTarget "LibraryAppTests" */;
			buildPhases = (
				40A31FC02C91B194002504A7 /* Sources */,
				40A31FC12C91B194002504A7 /* Frameworks */,
				40A31FC22C91B194002504A7 /* Resources */,
			);
			buildRules = (
			);
			dependencies = (
				40A31FC62C91B194002504A7 /* PBXTargetDependency */,
			);
			name = LibraryAppTests;
			productName = LibraryAppTests;
			productReference = 40A31FC42C91B194002504A7 /* LibraryAppTests.xctest */;
			productType = "com.apple.product-type.bundle.unit-test";
		};
		40A31FCD2C91B194002504A7 /* LibraryAppUITests */ = {
			isa = PBXNativeTarget;
			buildConfigurationList = 40A31FDE2C91B194002504A7 /* Build configuration list for PBXNativeTarget "LibraryAppUITests" */;
			buildPhases = (
				40A31FCA2C91B194002504A7 /* Sources */,
				40A31FCB2C91B194002504A7 /* Frameworks */,
				40A31FCC2C91B194002504A7 /* Resources */,
			);
			buildRules = (
			);
			dependencies = (
				40A31FD02C91B194002504A7 /* PBXTargetDependency */,
			);
			name = LibraryAppUITests;
			productName = LibraryAppUITests;
			productReference = 40A31FCE2C91B194002504A7 /* LibraryAppUITests.xctest */;
			productType = "com.apple.product-type.bundle.ui-testing";
		};
/* End PBXNativeTarget section */

/* Begin PBXProject section */
		40A31FAC2C91B193002504A7 /* Project object */ = {
			isa = PBXProject;
			attributes = {
				BuildIndependentTargetsInParallel = 1;
				LastSwiftUpdateCheck = 1530;
				LastUpgradeCheck = 1530;
				TargetAttributes = {
					40A31FB32C91B193002504A7 = {
						CreatedOnToolsVersion = 15.3;
					};
					40A31FC32C91B194002504A7 = {
						CreatedOnToolsVersion = 15.3;
						TestTargetID = 40A31FB32C91B193002504A7;
					};
					40A31FCD2C91B194002504A7 = {
						CreatedOnToolsVersion = 15.3;
						TestTargetID = 40A31FB32C91B193002504A7;
					};
				};
			};
			buildConfigurationList = 40A31FAF2C91B193002504A7 /* Build configuration list for PBXProject "LibraryApp" */;
			compatibilityVersion = "Xcode 14.0";
			developmentRegion = en;
			hasScannedForEncodings = 0;
			knownRegions = (
				en,
				Base,
			);
			mainGroup = 40A31FAB2C91B193002504A7;
			productRefGroup = 40A31FB52C91B193002504A7 /* Products */;
			projectDirPath = "";
			projectRoot = "";
			targets = (
				40A31FB32C91B193002504A7 /* LibraryApp */,
				40A31FC32C91B194002504A7 /* LibraryAppTests */,
				40A31FCD2C91B194002504A7 /* LibraryAppUITests */,
			);
		};
/* End PBXProject section */

/* Begin PBXResourcesBuildPhase section */
		40A31FB22C91B193002504A7 /* Resources */ = {
			isa = PBXResourcesBuildPhase;
			buildActionMask = 2147483647;
			files = (
				40A31FBF2C91B194002504A7 /* Preview Assets.xcassets in Resources */,
				40A31FBC2C91B194002504A7 /* Assets.xcassets in Resources */,
			);
			runOnlyForDeploymentPostprocessing = 0;
		};
		40A31FC22C91B194002504A7 /* Resources */ = {
			isa = PBXResourcesBuildPhase;
			buildActionMask = 2147483647;
			files = (
			);
			runOnlyForDeploymentPostprocessing = 0;
		};
		40A31FCC2C91B194002504A7 /* Resources */ = {
			isa = PBXResourcesBuildPhase;
			buildActionMask = 2147483647;
			files = (
			);
			runOnlyForDeploymentPostprocessing = 0;
		};
/* End PBXResourcesBuildPhase section */

/* Begin PBXSourcesBuildPhase section */
		40A31FB02C91B193002504A7 /* Sources */ = {
			isa = PBXSourcesBuildPhase;
			buildActionMask = 2147483647;
			files = (
				40951F1E2CBEF21400E8DCBD /* Extensions.swift in Sources */,
				40951F2D2CBEFF7200E8DCBD /* CustomHeaderView.swift in Sources */,
				40951F242CBEF21400E8DCBD /* SafeAreaInsetsKey.swift in Sources */,
				40951F352CBF142700E8DCBD /* ForgotPassword.swift in Sources */,
				40951F3D2CBF1DA600E8DCBD /* Location.swift in Sources */,
				40951F412CBF207900E8DCBD /* OTPVerify.swift in Sources */,
				40951F3F2CBF1DE200E8DCBD /* DropdownView.swift in Sources */,
				40951F3B2CBF178500E8DCBD /* GenderSelectorView.swift in Sources */,
				40951F2F2CBF063200E8DCBD /* TextInput.swift in Sources */,
				40951F252CBEF21400E8DCBD /* Country.swift in Sources */,
				40951F372CBF14CA00E8DCBD /* TopHeader.swift in Sources */,
				40951F432CBF20C000E8DCBD /* OTPInputView.swift in Sources */,
				40951F292CBEF21400E8DCBD /* BaseLayout.swift in Sources */,
				40A3201B2C91BCB0002504A7 /* Input.swift in Sources */,
				40951F332CBF09CE00E8DCBD /* CustomButton.swift in Sources */,
				40A31FBA2C91B193002504A7 /* ContentView.swift in Sources */,
				40A31FB82C91B193002504A7 /* LibraryAppApp.swift in Sources */,
				40951F392CBF14EF00E8DCBD /* Signup.swift in Sources */,
				40951F312CBF07A500E8DCBD /* PasswordInput.swift in Sources */,
				40951F092CBED7E700E8DCBD /* Login.swift in Sources */,
			);
			runOnlyForDeploymentPostprocessing = 0;
		};
		40A31FC02C91B194002504A7 /* Sources */ = {
			isa = PBXSourcesBuildPhase;
			buildActionMask = 2147483647;
			files = (
				40A31FC92C91B194002504A7 /* LibraryAppTests.swift in Sources */,
			);
			runOnlyForDeploymentPostprocessing = 0;
		};
		40A31FCA2C91B194002504A7 /* Sources */ = {
			isa = PBXSourcesBuildPhase;
			buildActionMask = 2147483647;
			files = (
				40A31FD52C91B194002504A7 /* LibraryAppUITestsLaunchTests.swift in Sources */,
				40A31FD32C91B194002504A7 /* LibraryAppUITests.swift in Sources */,
			);
			runOnlyForDeploymentPostprocessing = 0;
		};
/* End PBXSourcesBuildPhase section */

/* Begin PBXTargetDependency section */
		40A31FC62C91B194002504A7 /* PBXTargetDependency */ = {
			isa = PBXTargetDependency;
			target = 40A31FB32C91B193002504A7 /* LibraryApp */;
			targetProxy = 40A31FC52C91B194002504A7 /* PBXContainerItemProxy */;
		};
		40A31FD02C91B194002504A7 /* PBXTargetDependency */ = {
			isa = PBXTargetDependency;
			target = 40A31FB32C91B193002504A7 /* LibraryApp */;
			targetProxy = 40A31FCF2C91B194002504A7 /* PBXContainerItemProxy */;
		};
/* End PBXTargetDependency section */

/* Begin XCBuildConfiguration section */
		40A31FD62C91B194002504A7 /* Debug */ = {
			isa = XCBuildConfiguration;
			buildSettings = {
				ALWAYS_SEARCH_USER_PATHS = NO;
				ASSETCATALOG_COMPILER_GENERATE_SWIFT_ASSET_SYMBOL_EXTENSIONS = YES;
				CLANG_ANALYZER_NONNULL = YES;
				CLANG_ANALYZER_NUMBER_OBJECT_CONVERSION = YES_AGGRESSIVE;
				CLANG_CXX_LANGUAGE_STANDARD = "gnu++20";
				CLANG_ENABLE_MODULES = YES;
				CLANG_ENABLE_OBJC_ARC = YES;
				CLANG_ENABLE_OBJC_WEAK = YES;
				CLANG_WARN_BLOCK_CAPTURE_AUTORELEASING = YES;
				CLANG_WARN_BOOL_CONVERSION = YES;
				CLANG_WARN_COMMA = YES;
				CLANG_WARN_CONSTANT_CONVERSION = YES;
				CLANG_WARN_DEPRECATED_OBJC_IMPLEMENTATIONS = YES;
				CLANG_WARN_DIRECT_OBJC_ISA_USAGE = YES_ERROR;
				CLANG_WARN_DOCUMENTATION_COMMENTS = YES;
				CLANG_WARN_EMPTY_BODY = YES;
				CLANG_WARN_ENUM_CONVERSION = YES;
				CLANG_WARN_INFINITE_RECURSION = YES;
				CLANG_WARN_INT_CONVERSION = YES;
				CLANG_WARN_NON_LITERAL_NULL_CONVERSION = YES;
				CLANG_WARN_OBJC_IMPLICIT_RETAIN_SELF = YES;
				CLANG_WARN_OBJC_LITERAL_CONVERSION = YES;
				CLANG_WARN_OBJC_ROOT_CLASS = YES_ERROR;
				CLANG_WARN_QUOTED_INCLUDE_IN_FRAMEWORK_HEADER = YES;
				CLANG_WARN_RANGE_LOOP_ANALYSIS = YES;
				CLANG_WARN_STRICT_PROTOTYPES = YES;
				CLANG_WARN_SUSPICIOUS_MOVE = YES;
				CLANG_WARN_UNGUARDED_AVAILABILITY = YES_AGGRESSIVE;
				CLANG_WARN_UNREACHABLE_CODE = YES;
				CLANG_WARN__DUPLICATE_METHOD_MATCH = YES;
				COPY_PHASE_STRIP = NO;
				DEBUG_INFORMATION_FORMAT = dwarf;
				ENABLE_STRICT_OBJC_MSGSEND = YES;
				ENABLE_TESTABILITY = YES;
				ENABLE_USER_SCRIPT_SANDBOXING = YES;
				GCC_C_LANGUAGE_STANDARD = gnu17;
				GCC_DYNAMIC_NO_PIC = NO;
				GCC_NO_COMMON_BLOCKS = YES;
				GCC_OPTIMIZATION_LEVEL = 0;
				GCC_PREPROCESSOR_DEFINITIONS = (
					"DEBUG=1",
					"$(inherited)",
				);
				GCC_WARN_64_TO_32_BIT_CONVERSION = YES;
				GCC_WARN_ABOUT_RETURN_TYPE = YES_ERROR;
				GCC_WARN_UNDECLARED_SELECTOR = YES;
				GCC_WARN_UNINITIALIZED_AUTOS = YES_AGGRESSIVE;
				GCC_WARN_UNUSED_FUNCTION = YES;
				GCC_WARN_UNUSED_VARIABLE = YES;
				IPHONEOS_DEPLOYMENT_TARGET = 17.4;
				LOCALIZATION_PREFERS_STRING_CATALOGS = YES;
				MTL_ENABLE_DEBUG_INFO = INCLUDE_SOURCE;
				MTL_FAST_MATH = YES;
				ONLY_ACTIVE_ARCH = YES;
				SDKROOT = iphoneos;
				SWIFT_ACTIVE_COMPILATION_CONDITIONS = "DEBUG $(inherited)";
				SWIFT_OPTIMIZATION_LEVEL = "-Onone";
			};
			name = Debug;
		};
		40A31FD72C91B194002504A7 /* Release */ = {
			isa = XCBuildConfiguration;
			buildSettings = {
				ALWAYS_SEARCH_USER_PATHS = NO;
				ASSETCATALOG_COMPILER_GENERATE_SWIFT_ASSET_SYMBOL_EXTENSIONS = YES;
				CLANG_ANALYZER_NONNULL = YES;
				CLANG_ANALYZER_NUMBER_OBJECT_CONVERSION = YES_AGGRESSIVE;
				CLANG_CXX_LANGUAGE_STANDARD = "gnu++20";
				CLANG_ENABLE_MODULES = YES;
				CLANG_ENABLE_OBJC_ARC = YES;
				CLANG_ENABLE_OBJC_WEAK = YES;
				CLANG_WARN_BLOCK_CAPTURE_AUTORELEASING = YES;
				CLANG_WARN_BOOL_CONVERSION = YES;
				CLANG_WARN_COMMA = YES;
				CLANG_WARN_CONSTANT_CONVERSION = YES;
				CLANG_WARN_DEPRECATED_OBJC_IMPLEMENTATIONS = YES;
				CLANG_WARN_DIRECT_OBJC_ISA_USAGE = YES_ERROR;
				CLANG_WARN_DOCUMENTATION_COMMENTS = YES;
				CLANG_WARN_EMPTY_BODY = YES;
				CLANG_WARN_ENUM_CONVERSION = YES;
				CLANG_WARN_INFINITE_RECURSION = YES;
				CLANG_WARN_INT_CONVERSION = YES;
				CLANG_WARN_NON_LITERAL_NULL_CONVERSION = YES;
				CLANG_WARN_OBJC_IMPLICIT_RETAIN_SELF = YES;
				CLANG_WARN_OBJC_LITERAL_CONVERSION = YES;
				CLANG_WARN_OBJC_ROOT_CLASS = YES_ERROR;
				CLANG_WARN_QUOTED_INCLUDE_IN_FRAMEWORK_HEADER = YES;
				CLANG_WARN_RANGE_LOOP_ANALYSIS = YES;
				CLANG_WARN_STRICT_PROTOTYPES = YES;
				CLANG_WARN_SUSPICIOUS_MOVE = YES;
				CLANG_WARN_UNGUARDED_AVAILABILITY = YES_AGGRESSIVE;
				CLANG_WARN_UNREACHABLE_CODE = YES;
				CLANG_WARN__DUPLICATE_METHOD_MATCH = YES;
				COPY_PHASE_STRIP = NO;
				DEBUG_INFORMATION_FORMAT = "dwarf-with-dsym";
				ENABLE_NS_ASSERTIONS = NO;
				ENABLE_STRICT_OBJC_MSGSEND = YES;
				ENABLE_USER_SCRIPT_SANDBOXING = YES;
				GCC_C_LANGUAGE_STANDARD = gnu17;
				GCC_NO_COMMON_BLOCKS = YES;
				GCC_WARN_64_TO_32_BIT_CONVERSION = YES;
				GCC_WARN_ABOUT_RETURN_TYPE = YES_ERROR;
				GCC_WARN_UNDECLARED_SELECTOR = YES;
				GCC_WARN_UNINITIALIZED_AUTOS = YES_AGGRESSIVE;
				GCC_WARN_UNUSED_FUNCTION = YES;
				GCC_WARN_UNUSED_VARIABLE = YES;
				IPHONEOS_DEPLOYMENT_TARGET = 17.4;
				LOCALIZATION_PREFERS_STRING_CATALOGS = YES;
				MTL_ENABLE_DEBUG_INFO = NO;
				MTL_FAST_MATH = YES;
				SDKROOT = iphoneos;
				SWIFT_COMPILATION_MODE = wholemodule;
				VALIDATE_PRODUCT = YES;
			};
			name = Release;
		};
		40A31FD92C91B194002504A7 /* Debug */ = {
			isa = XCBuildConfiguration;
			buildSettings = {
				ASSETCATALOG_COMPILER_APPICON_NAME = AppIcon;
				ASSETCATALOG_COMPILER_GLOBAL_ACCENT_COLOR_NAME = AccentColor;
				CODE_SIGN_STYLE = Automatic;
				CURRENT_PROJECT_VERSION = 1;
				DEVELOPMENT_ASSET_PATHS = "\"LibraryApp/Preview Content\"";
				ENABLE_PREVIEWS = YES;
				GENERATE_INFOPLIST_FILE = YES;
				INFOPLIST_KEY_UIApplicationSceneManifest_Generation = YES;
				INFOPLIST_KEY_UIApplicationSupportsIndirectInputEvents = YES;
				INFOPLIST_KEY_UILaunchScreen_Generation = YES;
				INFOPLIST_KEY_UISupportedInterfaceOrientations_iPad = "UIInterfaceOrientationPortrait UIInterfaceOrientationPortraitUpsideDown UIInterfaceOrientationLandscapeLeft UIInterfaceOrientationLandscapeRight";
				INFOPLIST_KEY_UISupportedInterfaceOrientations_iPhone = "UIInterfaceOrientationPortrait UIInterfaceOrientationLandscapeLeft UIInterfaceOrientationLandscapeRight";
				LD_RUNPATH_SEARCH_PATHS = (
					"$(inherited)",
					"@executable_path/Frameworks",
				);
				MARKETING_VERSION = 1.0;
				PRODUCT_BUNDLE_IDENTIFIER = com.ias.LibraryApp;
				PRODUCT_NAME = "$(TARGET_NAME)";
				SWIFT_EMIT_LOC_STRINGS = YES;
				SWIFT_VERSION = 5.0;
				TARGETED_DEVICE_FAMILY = "1,2";
			};
			name = Debug;
		};
		40A31FDA2C91B194002504A7 /* Release */ = {
			isa = XCBuildConfiguration;
			buildSettings = {
				ASSETCATALOG_COMPILER_APPICON_NAME = AppIcon;
				ASSETCATALOG_COMPILER_GLOBAL_ACCENT_COLOR_NAME = AccentColor;
				CODE_SIGN_STYLE = Automatic;
				CURRENT_PROJECT_VERSION = 1;
				DEVELOPMENT_ASSET_PATHS = "\"LibraryApp/Preview Content\"";
				ENABLE_PREVIEWS = YES;
				GENERATE_INFOPLIST_FILE = YES;
				INFOPLIST_KEY_UIApplicationSceneManifest_Generation = YES;
				INFOPLIST_KEY_UIApplicationSupportsIndirectInputEvents = YES;
				INFOPLIST_KEY_UILaunchScreen_Generation = YES;
				INFOPLIST_KEY_UISupportedInterfaceOrientations_iPad = "UIInterfaceOrientationPortrait UIInterfaceOrientationPortraitUpsideDown UIInterfaceOrientationLandscapeLeft UIInterfaceOrientationLandscapeRight";
				INFOPLIST_KEY_UISupportedInterfaceOrientations_iPhone = "UIInterfaceOrientationPortrait UIInterfaceOrientationLandscapeLeft UIInterfaceOrientationLandscapeRight";
				LD_RUNPATH_SEARCH_PATHS = (
					"$(inherited)",
					"@executable_path/Frameworks",
				);
				MARKETING_VERSION = 1.0;
				PRODUCT_BUNDLE_IDENTIFIER = com.ias.LibraryApp;
				PRODUCT_NAME = "$(TARGET_NAME)";
				SWIFT_EMIT_LOC_STRINGS = YES;
				SWIFT_VERSION = 5.0;
				TARGETED_DEVICE_FAMILY = "1,2";
			};
			name = Release;
		};
		40A31FDC2C91B194002504A7 /* Debug */ = {
			isa = XCBuildConfiguration;
			buildSettings = {
				ALWAYS_EMBED_SWIFT_STANDARD_LIBRARIES = YES;
				BUNDLE_LOADER = "$(TEST_HOST)";
				CODE_SIGN_STYLE = Automatic;
				CURRENT_PROJECT_VERSION = 1;
				GENERATE_INFOPLIST_FILE = YES;
				IPHONEOS_DEPLOYMENT_TARGET = 17.4;
				MARKETING_VERSION = 1.0;
				PRODUCT_BUNDLE_IDENTIFIER = com.ias.LibraryAppTests;
				PRODUCT_NAME = "$(TARGET_NAME)";
				SWIFT_EMIT_LOC_STRINGS = NO;
				SWIFT_VERSION = 5.0;
				TARGETED_DEVICE_FAMILY = "1,2";
				TEST_HOST = "$(BUILT_PRODUCTS_DIR)/LibraryApp.app/$(BUNDLE_EXECUTABLE_FOLDER_PATH)/LibraryApp";
			};
			name = Debug;
		};
		40A31FDD2C91B194002504A7 /* Release */ = {
			isa = XCBuildConfiguration;
			buildSettings = {
				ALWAYS_EMBED_SWIFT_STANDARD_LIBRARIES = YES;
				BUNDLE_LOADER = "$(TEST_HOST)";
				CODE_SIGN_STYLE = Automatic;
				CURRENT_PROJECT_VERSION = 1;
				GENERATE_INFOPLIST_FILE = YES;
				IPHONEOS_DEPLOYMENT_TARGET = 17.4;
				MARKETING_VERSION = 1.0;
				PRODUCT_BUNDLE_IDENTIFIER = com.ias.LibraryAppTests;
				PRODUCT_NAME = "$(TARGET_NAME)";
				SWIFT_EMIT_LOC_STRINGS = NO;
				SWIFT_VERSION = 5.0;
				TARGETED_DEVICE_FAMILY = "1,2";
				TEST_HOST = "$(BUILT_PRODUCTS_DIR)/LibraryApp.app/$(BUNDLE_EXECUTABLE_FOLDER_PATH)/LibraryApp";
			};
			name = Release;
		};
		40A31FDF2C91B194002504A7 /* Debug */ = {
			isa = XCBuildConfiguration;
			buildSettings = {
				ALWAYS_EMBED_SWIFT_STANDARD_LIBRARIES = YES;
				CODE_SIGN_STYLE = Automatic;
				CURRENT_PROJECT_VERSION = 1;
				GENERATE_INFOPLIST_FILE = YES;
				MARKETING_VERSION = 1.0;
				PRODUCT_BUNDLE_IDENTIFIER = com.ias.LibraryAppUITests;
				PRODUCT_NAME = "$(TARGET_NAME)";
				SWIFT_EMIT_LOC_STRINGS = NO;
				SWIFT_VERSION = 5.0;
				TARGETED_DEVICE_FAMILY = "1,2";
				TEST_TARGET_NAME = LibraryApp;
			};
			name = Debug;
		};
		40A31FE02C91B194002504A7 /* Release */ = {
			isa = XCBuildConfiguration;
			buildSettings = {
				ALWAYS_EMBED_SWIFT_STANDARD_LIBRARIES = YES;
				CODE_SIGN_STYLE = Automatic;
				CURRENT_PROJECT_VERSION = 1;
				GENERATE_INFOPLIST_FILE = YES;
				MARKETING_VERSION = 1.0;
				PRODUCT_BUNDLE_IDENTIFIER = com.ias.LibraryAppUITests;
				PRODUCT_NAME = "$(TARGET_NAME)";
				SWIFT_EMIT_LOC_STRINGS = NO;
				SWIFT_VERSION = 5.0;
				TARGETED_DEVICE_FAMILY = "1,2";
				TEST_TARGET_NAME = LibraryApp;
			};
			name = Release;
		};
/* End XCBuildConfiguration section */

/* Begin XCConfigurationList section */
		40A31FAF2C91B193002504A7 /* Build configuration list for PBXProject "LibraryApp" */ = {
			isa = XCConfigurationList;
			buildConfigurations = (
				40A31FD62C91B194002504A7 /* Debug */,
				40A31FD72C91B194002504A7 /* Release */,
			);
			defaultConfigurationIsVisible = 0;
			defaultConfigurationName = Release;
		};
		40A31FD82C91B194002504A7 /* Build configuration list for PBXNativeTarget "LibraryApp" */ = {
			isa = XCConfigurationList;
			buildConfigurations = (
				40A31FD92C91B194002504A7 /* Debug */,
				40A31FDA2C91B194002504A7 /* Release */,
			);
			defaultConfigurationIsVisible = 0;
			defaultConfigurationName = Release;
		};
		40A31FDB2C91B194002504A7 /* Build configuration list for PBXNativeTarget "LibraryAppTests" */ = {
			isa = XCConfigurationList;
			buildConfigurations = (
				40A31FDC2C91B194002504A7 /* Debug */,
				40A31FDD2C91B194002504A7 /* Release */,
			);
			defaultConfigurationIsVisible = 0;
			defaultConfigurationName = Release;
		};
		40A31FDE2C91B194002504A7 /* Build configuration list for PBXNativeTarget "LibraryAppUITests" */ = {
			isa = XCConfigurationList;
			buildConfigurations = (
				40A31FDF2C91B194002504A7 /* Debug */,
				40A31FE02C91B194002504A7 /* Release */,
			);
			defaultConfigurationIsVisible = 0;
			defaultConfigurationName = Release;
		};
/* End XCConfigurationList section */
	};
	rootObject = 40A31FAC2C91B193002504A7 /* Project object */;
}
